// !$*UTF8*$!
{
	archiveVersion = 1;
	classes = {
	};
	objectVersion = 77;
	objects = {

/* Begin PBXContainerItemProxy section */
		BC0AB7672CA48DCF00227064 /* PBXContainerItemProxy */ = {
			isa = PBXContainerItemProxy;
			containerPortal = BC0AB7482CA48DCE00227064 /* Project object */;
			proxyType = 1;
			remoteGlobalIDString = BC0AB74F2CA48DCE00227064;
			remoteInfo = BTKOdev;
		};
		BC0AB7712CA48DCF00227064 /* PBXContainerItemProxy */ = {
			isa = PBXContainerItemProxy;
			containerPortal = BC0AB7482CA48DCE00227064 /* Project object */;
			proxyType = 1;
			remoteGlobalIDString = BC0AB74F2CA48DCE00227064;
			remoteInfo = BTKOdev;
		};
/* End PBXContainerItemProxy section */

/* Begin PBXFileReference section */
		BC0AB7502CA48DCE00227064 /* BTKOdev.app */ = {isa = PBXFileReference; explicitFileType = wrapper.application; includeInIndex = 0; path = BTKOdev.app; sourceTree = BUILT_PRODUCTS_DIR; };
		BC0AB7662CA48DCF00227064 /* BTKOdevTests.xctest */ = {isa = PBXFileReference; explicitFileType = wrapper.cfbundle; includeInIndex = 0; path = BTKOdevTests.xctest; sourceTree = BUILT_PRODUCTS_DIR; };
		BC0AB7702CA48DCF00227064 /* BTKOdevUITests.xctest */ = {isa = PBXFileReference; explicitFileType = wrapper.cfbundle; includeInIndex = 0; path = BTKOdevUITests.xctest; sourceTree = BUILT_PRODUCTS_DIR; };
/* End PBXFileReference section */

/* Begin PBXFileSystemSynchronizedBuildFileExceptionSet section */
		BC0AB7782CA48DCF00227064 /* Exceptions for "BTKOdev" folder in "BTKOdev" target */ = {
			isa = PBXFileSystemSynchronizedBuildFileExceptionSet;
			membershipExceptions = (
				Info.plist,
			);
			target = BC0AB74F2CA48DCE00227064 /* BTKOdev */;
		};
/* End PBXFileSystemSynchronizedBuildFileExceptionSet section */

/* Begin PBXFileSystemSynchronizedRootGroup section */
		BC0AB7522CA48DCE00227064 /* BTKOdev */ = {
			isa = PBXFileSystemSynchronizedRootGroup;
			exceptions = (
				BC0AB7782CA48DCF00227064 /* Exceptions for "BTKOdev" folder in "BTKOdev" target */,
			);
			path = BTKOdev;
			sourceTree = "<group>";
		};
		BC0AB7692CA48DCF00227064 /* BTKOdevTests */ = {
			isa = PBXFileSystemSynchronizedRootGroup;
			path = BTKOdevTests;
			sourceTree = "<group>";
		};
		BC0AB7732CA48DCF00227064 /* BTKOdevUITests */ = {
			isa = PBXFileSystemSynchronizedRootGroup;
			path = BTKOdevUITests;
			sourceTree = "<group>";
		};
/* End PBXFileSystemSynchronizedRootGroup section */

/* Begin PBXFrameworksBuildPhase section */
		BC0AB74D2CA48DCE00227064 /* Frameworks */ = {
			isa = PBXFrameworksBuildPhase;
			buildActionMask = 2147483647;
			files = (
			);
			runOnlyForDeploymentPostprocessing = 0;
		};
		BC0AB7632CA48DCF00227064 /* Frameworks */ = {
			isa = PBXFrameworksBuildPhase;
			buildActionMask = 2147483647;
			files = (
			);
			runOnlyForDeploymentPostprocessing = 0;
		};
		BC0AB76D2CA48DCF00227064 /* Frameworks */ = {
			isa = PBXFrameworksBuildPhase;
			buildActionMask = 2147483647;
			files = (
			);
			runOnlyForDeploymentPostprocessing = 0;
		};
/* End PBXFrameworksBuildPhase section */

/* Begin PBXGroup section */
		BC0AB7472CA48DCE00227064 = {
			isa = PBXGroup;
			children = (
				BC0AB7522CA48DCE00227064 /* BTKOdev */,
				BC0AB7692CA48DCF00227064 /* BTKOdevTests */,
				BC0AB7732CA48DCF00227064 /* BTKOdevUITests */,
				BC0AB7512CA48DCE00227064 /* Products */,
			);
			sourceTree = "<group>";
		};
		BC0AB7512CA48DCE00227064 /* Products */ = {
			isa = PBXGroup;
			children = (
				BC0AB7502CA48DCE00227064 /* BTKOdev.app */,
				BC0AB7662CA48DCF00227064 /* BTKOdevTests.xctest */,
				BC0AB7702CA48DCF00227064 /* BTKOdevUITests.xctest */,
			);
			name = Products;
			sourceTree = "<group>";
		};
/* End PBXGroup section */

/* Begin PBXNativeTarget section */
		BC0AB74F2CA48DCE00227064 /* BTKOdev */ = {
			isa = PBXNativeTarget;
			buildConfigurationList = BC0AB7792CA48DCF00227064 /* Build configuration list for PBXNativeTarget "BTKOdev" */;
			buildPhases = (
				BC0AB74C2CA48DCE00227064 /* Sources */,
				BC0AB74D2CA48DCE00227064 /* Frameworks */,
				BC0AB74E2CA48DCE00227064 /* Resources */,
			);
			buildRules = (
			);
			dependencies = (
			);
			fileSystemSynchronizedGroups = (
				BC0AB7522CA48DCE00227064 /* BTKOdev */,
			);
			name = BTKOdev;
			packageProductDependencies = (
			);
			productName = BTKOdev;
			productReference = BC0AB7502CA48DCE00227064 /* BTKOdev.app */;
			productType = "com.apple.product-type.application";
		};
		BC0AB7652CA48DCF00227064 /* BTKOdevTests */ = {
			isa = PBXNativeTarget;
			buildConfigurationList = BC0AB77E2CA48DCF00227064 /* Build configuration list for PBXNativeTarget "BTKOdevTests" */;
			buildPhases = (
				BC0AB7622CA48DCF00227064 /* Sources */,
				BC0AB7632CA48DCF00227064 /* Frameworks */,
				BC0AB7642CA48DCF00227064 /* Resources */,
			);
			buildRules = (
			);
			dependencies = (
				BC0AB7682CA48DCF00227064 /* PBXTargetDependency */,
			);
			fileSystemSynchronizedGroups = (
				BC0AB7692CA48DCF00227064 /* BTKOdevTests */,
			);
			name = BTKOdevTests;
			packageProductDependencies = (
			);
			productName = BTKOdevTests;
			productReference = BC0AB7662CA48DCF00227064 /* BTKOdevTests.xctest */;
			productType = "com.apple.product-type.bundle.unit-test";
		};
		BC0AB76F2CA48DCF00227064 /* BTKOdevUITests */ = {
			isa = PBXNativeTarget;
			buildConfigurationList = BC0AB7812CA48DCF00227064 /* Build configuration list for PBXNativeTarget "BTKOdevUITests" */;
			buildPhases = (
				BC0AB76C2CA48DCF00227064 /* Sources */,
				BC0AB76D2CA48DCF00227064 /* Frameworks */,
				BC0AB76E2CA48DCF00227064 /* Resources */,
			);
			buildRules = (
			);
			dependencies = (
				BC0AB7722CA48DCF00227064 /* PBXTargetDependency */,
			);
			fileSystemSynchronizedGroups = (
				BC0AB7732CA48DCF00227064 /* BTKOdevUITests */,
			);
			name = BTKOdevUITests;
			packageProductDependencies = (
			);
			productName = BTKOdevUITests;
			productReference = BC0AB7702CA48DCF00227064 /* BTKOdevUITests.xctest */;
			productType = "com.apple.product-type.bundle.ui-testing";
		};
/* End PBXNativeTarget section */

/* Begin PBXProject section */
		BC0AB7482CA48DCE00227064 /* Project object */ = {
			isa = PBXProject;
			attributes = {
				BuildIndependentTargetsInParallel = 1;
				LastSwiftUpdateCheck = 1600;
				LastUpgradeCheck = 1600;
				TargetAttributes = {
					BC0AB74F2CA48DCE00227064 = {
						CreatedOnToolsVersion = 16.0;
					};
					BC0AB7652CA48DCF00227064 = {
						CreatedOnToolsVersion = 16.0;
						TestTargetID = BC0AB74F2CA48DCE00227064;
					};
					BC0AB76F2CA48DCF00227064 = {
						CreatedOnToolsVersion = 16.0;
						TestTargetID = BC0AB74F2CA48DCE00227064;
					};
				};
			};
			buildConfigurationList = BC0AB74B2CA48DCE00227064 /* Build configuration list for PBXProject "BTKOdev" */;
			developmentRegion = en;
			hasScannedForEncodings = 0;
			knownRegions = (
				en,
				Base,
			);
			mainGroup = BC0AB7472CA48DCE00227064;
			minimizedProjectReferenceProxies = 1;
			preferredProjectObjectVersion = 77;
			productRefGroup = BC0AB7512CA48DCE00227064 /* Products */;
			projectDirPath = "";
			projectRoot = "";
			targets = (
				BC0AB74F2CA48DCE00227064 /* BTKOdev */,
				BC0AB7652CA48DCF00227064 /* BTKOdevTests */,
				BC0AB76F2CA48DCF00227064 /* BTKOdevUITests */,
			);
		};
/* End PBXProject section */

/* Begin PBXResourcesBuildPhase section */
		BC0AB74E2CA48DCE00227064 /* Resources */ = {
			isa = PBXResourcesBuildPhase;
			buildActionMask = 2147483647;
			files = (
			);
			runOnlyForDeploymentPostprocessing = 0;
		};
		BC0AB7642CA48DCF00227064 /* Resources */ = {
			isa = PBXResourcesBuildPhase;
			buildActionMask = 2147483647;
			files = (
			);
			runOnlyForDeploymentPostprocessing = 0;
		};
		BC0AB76E2CA48DCF00227064 /* Resources */ = {
			isa = PBXResourcesBuildPhase;
			buildActionMask = 2147483647;
			files = (
			);
			runOnlyForDeploymentPostprocessing = 0;
		};
/* End PBXResourcesBuildPhase section */

/* Begin PBXSourcesBuildPhase section */
		BC0AB74C2CA48DCE00227064 /* Sources */ = {
			isa = PBXSourcesBuildPhase;
			buildActionMask = 2147483647;
			files = (
			);
			runOnlyForDeploymentPostprocessing = 0;
		};
		BC0AB7622CA48DCF00227064 /* Sources */ = {
			isa = PBXSourcesBuildPhase;
			buildActionMask = 2147483647;
			files = (
			);
			runOnlyForDeploymentPostprocessing = 0;
		};
		BC0AB76C2CA48DCF00227064 /* Sources */ = {
			isa = PBXSourcesBuildPhase;
			buildActionMask = 2147483647;
			files = (
			);
			runOnlyForDeploymentPostprocessing = 0;
		};
/* End PBXSourcesBuildPhase section */

/* Begin PBXTargetDependency section */
		BC0AB7682CA48DCF00227064 /* PBXTargetDependency */ = {
			isa = PBXTargetDependency;
			target = BC0AB74F2CA48DCE00227064 /* BTKOdev */;
			targetProxy = BC0AB7672CA48DCF00227064 /* PBXContainerItemProxy */;
		};
		BC0AB7722CA48DCF00227064 /* PBXTargetDependency */ = {
			isa = PBXTargetDependency;
			target = BC0AB74F2CA48DCE00227064 /* BTKOdev */;
			targetProxy = BC0AB7712CA48DCF00227064 /* PBXContainerItemProxy */;
		};
/* End PBXTargetDependency section */

/* Begin XCBuildConfiguration section */
		BC0AB77A2CA48DCF00227064 /* Debug */ = {
			isa = XCBuildConfiguration;
			buildSettings = {
				ASSETCATALOG_COMPILER_APPICON_NAME = AppIcon;
				ASSETCATALOG_COMPILER_GLOBAL_ACCENT_COLOR_NAME = AccentColor;
				CODE_SIGN_STYLE = Automatic;
				CURRENT_PROJECT_VERSION = 1;
				GENERATE_INFOPLIST_FILE = YES;
				INFOPLIST_FILE = BTKOdev/Info.plist;
				INFOPLIST_KEY_UIApplicationSupportsIndirectInputEvents = YES;
				INFOPLIST_KEY_UILaunchStoryboardName = LaunchScreen;
				INFOPLIST_KEY_UIMainStoryboardFile = Main;
				INFOPLIST_KEY_UISupportedInterfaceOrientations_iPad = "UIInterfaceOrientationPortrait UIInterfaceOrientationPortraitUpsideDown UIInterfaceOrientationLandscapeLeft UIInterfaceOrientationLandscapeRight";
				INFOPLIST_KEY_UISupportedInterfaceOrientations_iPhone = "UIInterfaceOrientationPortrait UIInterfaceOrientationLandscapeLeft UIInterfaceOrientationLandscapeRight";
				LD_RUNPATH_SEARCH_PATHS = (
					"$(inherited)",
					"@executable_path/Frameworks",
				);
				MARKETING_VERSION = 1.0;
				PRODUCT_BUNDLE_IDENTIFIER = com.batuhangursoy.BTKOdev;
				PRODUCT_NAME = "$(TARGET_NAME)";
				SWIFT_EMIT_LOC_STRINGS = YES;
				SWIFT_VERSION = 5.0;
				TARGETED_DEVICE_FAMILY = "1,2";
			};
			name = Debug;
		};
		BC0AB77B2CA48DCF00227064 /* Release */ = {
			isa = XCBuildConfiguration;
			buildSettings = {
				ASSETCATALOG_COMPILER_APPICON_NAME = AppIcon;
				ASSETCATALOG_COMPILER_GLOBAL_ACCENT_COLOR_NAME = AccentColor;
				CODE_SIGN_STYLE = Automatic;
				CURRENT_PROJECT_VERSION = 1;
				GENERATE_INFOPLIST_FILE = YES;
				INFOPLIST_FILE = BTKOdev/Info.plist;
				INFOPLIST_KEY_UIApplicationSupportsIndirectInputEvents = YES;
				INFOPLIST_KEY_UILaunchStoryboardName = LaunchScreen;
				INFOPLIST_KEY_UIMainStoryboardFile = Main;
				INFOPLIST_KEY_UISupportedInterfaceOrientations_iPad = "UIInterfaceOrientationPortrait UIInterfaceOrientationPortraitUpsideDown UIInterfaceOrientationLandscapeLeft UIInterfaceOrientationLandscapeRight";
				INFOPLIST_KEY_UISupportedInterfaceOrientations_iPhone = "UIInterfaceOrientationPortrait UIInterfaceOrientationLandscapeLeft UIInterfaceOrientationLandscapeRight";
				LD_RUNPATH_SEARCH_PATHS = (
					"$(inherited)",
					"@executable_path/Frameworks",
				);
				MARKETING_VERSION = 1.0;
				PRODUCT_BUNDLE_IDENTIFIER = com.batuhangursoy.BTKOdev;
				PRODUCT_NAME = "$(TARGET_NAME)";
				SWIFT_EMIT_LOC_STRINGS = YES;
				SWIFT_VERSION = 5.0;
				TARGETED_DEVICE_FAMILY = "1,2";
			};
			name = Release;
		};
		BC0AB77C2CA48DCF00227064 /* Debug */ = {
			isa = XCBuildConfiguration;
			buildSettings = {
				ALWAYS_SEARCH_USER_PATHS = NO;
				ASSETCATALOG_COMPILER_GENERATE_SWIFT_ASSET_SYMBOL_EXTENSIONS = YES;
				CLANG_ANALYZER_NONNULL = YES;
				CLANG_ANALYZER_NUMBER_OBJECT_CONVERSION = YES_AGGRESSIVE;
				CLANG_CXX_LANGUAGE_STANDARD = "gnu++20";
				CLANG_ENABLE_MODULES = YES;
				CLANG_ENABLE_OBJC_ARC = YES;
				CLANG_ENABLE_OBJC_WEAK = YES;
				CLANG_WARN_BLOCK_CAPTURE_AUTORELEASING = YES;
				CLANG_WARN_BOOL_CONVERSION = YES;
				CLANG_WARN_COMMA = YES;
				CLANG_WARN_CONSTANT_CONVERSION = YES;
				CLANG_WARN_DEPRECATED_OBJC_IMPLEMENTATIONS = YES;
				CLANG_WARN_DIRECT_OBJC_ISA_USAGE = YES_ERROR;
				CLANG_WARN_DOCUMENTATION_COMMENTS = YES;
				CLANG_WARN_EMPTY_BODY = YES;
				CLANG_WARN_ENUM_CONVERSION = YES;
				CLANG_WARN_INFINITE_RECURSION = YES;
				CLANG_WARN_INT_CONVERSION = YES;
				CLANG_WARN_NON_LITERAL_NULL_CONVERSION = YES;
				CLANG_WARN_OBJC_IMPLICIT_RETAIN_SELF = YES;
				CLANG_WARN_OBJC_LITERAL_CONVERSION = YES;
				CLANG_WARN_OBJC_ROOT_CLASS = YES_ERROR;
				CLANG_WARN_QUOTED_INCLUDE_IN_FRAMEWORK_HEADER = YES;
				CLANG_WARN_RANGE_LOOP_ANALYSIS = YES;
				CLANG_WARN_STRICT_PROTOTYPES = YES;
				CLANG_WARN_SUSPICIOUS_MOVE = YES;
				CLANG_WARN_UNGUARDED_AVAILABILITY = YES_AGGRESSIVE;
				CLANG_WARN_UNREACHABLE_CODE = YES;
				CLANG_WARN__DUPLICATE_METHOD_MATCH = YES;
				COPY_PHASE_STRIP = NO;
				DEBUG_INFORMATION_FORMAT = dwarf;
				ENABLE_STRICT_OBJC_MSGSEND = YES;
				ENABLE_TESTABILITY = YES;
				ENABLE_USER_SCRIPT_SANDBOXING = YES;
				GCC_C_LANGUAGE_STANDARD = gnu17;
				GCC_DYNAMIC_NO_PIC = NO;
				GCC_NO_COMMON_BLOCKS = YES;
				GCC_OPTIMIZATION_LEVEL = 0;
				GCC_PREPROCESSOR_DEFINITIONS = (
					"DEBUG=1",
					"$(inherited)",
				);
				GCC_WARN_64_TO_32_BIT_CONVERSION = YES;
				GCC_WARN_ABOUT_RETURN_TYPE = YES_ERROR;
				GCC_WARN_UNDECLARED_SELECTOR = YES;
				GCC_WARN_UNINITIALIZED_AUTOS = YES_AGGRESSIVE;
				GCC_WARN_UNUSED_FUNCTION = YES;
				GCC_WARN_UNUSED_VARIABLE = YES;
				IPHONEOS_DEPLOYMENT_TARGET = 18.0;
				LOCALIZATION_PREFERS_STRING_CATALOGS = YES;
				MTL_ENABLE_DEBUG_INFO = INCLUDE_SOURCE;
				MTL_FAST_MATH = YES;
				ONLY_ACTIVE_ARCH = YES;
				SDKROOT = iphoneos;
				SWIFT_ACTIVE_COMPILATION_CONDITIONS = "DEBUG $(inherited)";
				SWIFT_OPTIMIZATION_LEVEL = "-Onone";
			};
			name = Debug;
		};
		BC0AB77D2CA48DCF00227064 /* Release */ = {
			isa = XCBuildConfiguration;
			buildSettings = {
				ALWAYS_SEARCH_USER_PATHS = NO;
				ASSETCATALOG_COMPILER_GENERATE_SWIFT_ASSET_SYMBOL_EXTENSIONS = YES;
				CLANG_ANALYZER_NONNULL = YES;
				CLANG_ANALYZER_NUMBER_OBJECT_CONVERSION = YES_AGGRESSIVE;
				CLANG_CXX_LANGUAGE_STANDARD = "gnu++20";
				CLANG_ENABLE_MODULES = YES;
				CLANG_ENABLE_OBJC_ARC = YES;
				CLANG_ENABLE_OBJC_WEAK = YES;
				CLANG_WARN_BLOCK_CAPTURE_AUTORELEASING = YES;
				CLANG_WARN_BOOL_CONVERSION = YES;
				CLANG_WARN_COMMA = YES;
				CLANG_WARN_CONSTANT_CONVERSION = YES;
				CLANG_WARN_DEPRECATED_OBJC_IMPLEMENTATIONS = YES;
				CLANG_WARN_DIRECT_OBJC_ISA_USAGE = YES_ERROR;
				CLANG_WARN_DOCUMENTATION_COMMENTS = YES;
				CLANG_WARN_EMPTY_BODY = YES;
				CLANG_WARN_ENUM_CONVERSION = YES;
				CLANG_WARN_INFINITE_RECURSION = YES;
				CLANG_WARN_INT_CONVERSION = YES;
				CLANG_WARN_NON_LITERAL_NULL_CONVERSION = YES;
				CLANG_WARN_OBJC_IMPLICIT_RETAIN_SELF = YES;
				CLANG_WARN_OBJC_LITERAL_CONVERSION = YES;
				CLANG_WARN_OBJC_ROOT_CLASS = YES_ERROR;
				CLANG_WARN_QUOTED_INCLUDE_IN_FRAMEWORK_HEADER = YES;
				CLANG_WARN_RANGE_LOOP_ANALYSIS = YES;
				CLANG_WARN_STRICT_PROTOTYPES = YES;
				CLANG_WARN_SUSPICIOUS_MOVE = YES;
				CLANG_WARN_UNGUARDED_AVAILABILITY = YES_AGGRESSIVE;
				CLANG_WARN_UNREACHABLE_CODE = YES;
				CLANG_WARN__DUPLICATE_METHOD_MATCH = YES;
				COPY_PHASE_STRIP = NO;
				DEBUG_INFORMATION_FORMAT = "dwarf-with-dsym";
				ENABLE_NS_ASSERTIONS = NO;
				ENABLE_STRICT_OBJC_MSGSEND = YES;
				ENABLE_USER_SCRIPT_SANDBOXING = YES;
				GCC_C_LANGUAGE_STANDARD = gnu17;
				GCC_NO_COMMON_BLOCKS = YES;
				GCC_WARN_64_TO_32_BIT_CONVERSION = YES;
				GCC_WARN_ABOUT_RETURN_TYPE = YES_ERROR;
				GCC_WARN_UNDECLARED_SELECTOR = YES;
				GCC_WARN_UNINITIALIZED_AUTOS = YES_AGGRESSIVE;
				GCC_WARN_UNUSED_FUNCTION = YES;
				GCC_WARN_UNUSED_VARIABLE = YES;
				IPHONEOS_DEPLOYMENT_TARGET = 18.0;
				LOCALIZATION_PREFERS_STRING_CATALOGS = YES;
				MTL_ENABLE_DEBUG_INFO = NO;
				MTL_FAST_MATH = YES;
				SDKROOT = iphoneos;
				SWIFT_COMPILATION_MODE = wholemodule;
				VALIDATE_PRODUCT = YES;
			};
			name = Release;
		};
		BC0AB77F2CA48DCF00227064 /* Debug */ = {
			isa = XCBuildConfiguration;
			buildSettings = {
				BUNDLE_LOADER = "$(TEST_HOST)";
				CODE_SIGN_STYLE = Automatic;
				CURRENT_PROJECT_VERSION = 1;
				GENERATE_INFOPLIST_FILE = YES;
				IPHONEOS_DEPLOYMENT_TARGET = 18.0;
				MARKETING_VERSION = 1.0;
				PRODUCT_BUNDLE_IDENTIFIER = com.batuhangursoy.BTKOdevTests;
				PRODUCT_NAME = "$(TARGET_NAME)";
				SWIFT_EMIT_LOC_STRINGS = NO;
				SWIFT_VERSION = 5.0;
				TARGETED_DEVICE_FAMILY = "1,2";
				TEST_HOST = "$(BUILT_PRODUCTS_DIR)/BTKOdev.app/$(BUNDLE_EXECUTABLE_FOLDER_PATH)/BTKOdev";
			};
			name = Debug;
		};
		BC0AB7802CA48DCF00227064 /* Release */ = {
			isa = XCBuildConfiguration;
			buildSettings = {
				BUNDLE_LOADER = "$(TEST_HOST)";
				CODE_SIGN_STYLE = Automatic;
				CURRENT_PROJECT_VERSION = 1;
				GENERATE_INFOPLIST_FILE = YES;
				IPHONEOS_DEPLOYMENT_TARGET = 18.0;
				MARKETING_VERSION = 1.0;
				PRODUCT_BUNDLE_IDENTIFIER = com.batuhangursoy.BTKOdevTests;
				PRODUCT_NAME = "$(TARGET_NAME)";
				SWIFT_EMIT_LOC_STRINGS = NO;
				SWIFT_VERSION = 5.0;
				TARGETED_DEVICE_FAMILY = "1,2";
				TEST_HOST = "$(BUILT_PRODUCTS_DIR)/BTKOdev.app/$(BUNDLE_EXECUTABLE_FOLDER_PATH)/BTKOdev";
			};
			name = Release;
		};
		BC0AB7822CA48DCF00227064 /* Debug */ = {
			isa = XCBuildConfiguration;
			buildSettings = {
				CODE_SIGN_STYLE = Automatic;
				CURRENT_PROJECT_VERSION = 1;
				GENERATE_INFOPLIST_FILE = YES;
				MARKETING_VERSION = 1.0;
				PRODUCT_BUNDLE_IDENTIFIER = com.batuhangursoy.BTKOdevUITests;
				PRODUCT_NAME = "$(TARGET_NAME)";
				SWIFT_EMIT_LOC_STRINGS = NO;
				SWIFT_VERSION = 5.0;
				TARGETED_DEVICE_FAMILY = "1,2";
				TEST_TARGET_NAME = BTKOdev;
			};
			name = Debug;
		};
		BC0AB7832CA48DCF00227064 /* Release */ = {
			isa = XCBuildConfiguration;
			buildSettings = {
				CODE_SIGN_STYLE = Automatic;
				CURRENT_PROJECT_VERSION = 1;
				GENERATE_INFOPLIST_FILE = YES;
				MARKETING_VERSION = 1.0;
				PRODUCT_BUNDLE_IDENTIFIER = com.batuhangursoy.BTKOdevUITests;
				PRODUCT_NAME = "$(TARGET_NAME)";
				SWIFT_EMIT_LOC_STRINGS = NO;
				SWIFT_VERSION = 5.0;
				TARGETED_DEVICE_FAMILY = "1,2";
				TEST_TARGET_NAME = BTKOdev;
			};
			name = Release;
		};
/* End XCBuildConfiguration section */

/* Begin XCConfigurationList section */
		BC0AB74B2CA48DCE00227064 /* Build configuration list for PBXProject "BTKOdev" */ = {
			isa = XCConfigurationList;
			buildConfigurations = (
				BC0AB77C2CA48DCF00227064 /* Debug */,
				BC0AB77D2CA48DCF00227064 /* Release */,
			);
			defaultConfigurationIsVisible = 0;
			defaultConfigurationName = Release;
		};
		BC0AB7792CA48DCF00227064 /* Build configuration list for PBXNativeTarget "BTKOdev" */ = {
			isa = XCConfigurationList;
			buildConfigurations = (
				BC0AB77A2CA48DCF00227064 /* Debug */,
				BC0AB77B2CA48DCF00227064 /* Release */,
			);
			defaultConfigurationIsVisible = 0;
			defaultConfigurationName = Release;
		};
		BC0AB77E2CA48DCF00227064 /* Build configuration list for PBXNativeTarget "BTKOdevTests" */ = {
			isa = XCConfigurationList;
			buildConfigurations = (
				BC0AB77F2CA48DCF00227064 /* Debug */,
				BC0AB7802CA48DCF00227064 /* Release */,
			);
			defaultConfigurationIsVisible = 0;
			defaultConfigurationName = Release;
		};
		BC0AB7812CA48DCF00227064 /* Build configuration list for PBXNativeTarget "BTKOdevUITests" */ = {
			isa = XCConfigurationList;
			buildConfigurations = (
				BC0AB7822CA48DCF00227064 /* Debug */,
				BC0AB7832CA48DCF00227064 /* Release */,
			);
			defaultConfigurationIsVisible = 0;
			defaultConfigurationName = Release;
		};
/* End XCConfigurationList section */
	};
	rootObject = BC0AB7482CA48DCE00227064 /* Project object */;
}
